
Microsoft Visual Studio Solution File, Format Version 12.00
# Visual Studio 2013
VisualStudioVersion = 12.0.21005.1
MinimumVisualStudioVersion = 10.0.40219.1
Project("{8BC9CEB8-8B4A-11D0-8D11-00A0C91BC942}") = "d3d9GameBase", "d3d9GameBase.vcxproj", "{1FAFEB1B-4EF8-4991-8A93-31C0187D77AC}"
EndProject
Global
	GlobalSection(SolutionConfigurationPlatforms) = preSolution
		Debug|Win32 = Debug|Win32
		Release|Win32 = Release|Win32
	EndGlobalSection
	GlobalSection(ProjectConfigurationPlatforms) = postSolution
		{1FAFEB1B-4EF8-4991-8A93-31C0187D77AC}.Debug|Win32.ActiveCfg = Debug|Win32
		{1FAFEB1B-4EF8-4991-8A93-31C0187D77AC}.Debug|Win32.Build.0 = Debug|Win32
		{1FAFEB1B-4EF8-4991-8A93-31C0187D77AC}.Release|Win32.ActiveCfg = Release|Win32
		{1FAFEB1B-4EF8-4991-8A93-31C0187D77AC}.Release|Win32.Build.0 = Release|Win32
	EndGlobalSection
	GlobalSection(SolutionProperties) = preSolution
		HideSolutionNode = FALSE
	EndGlobalSection
EndGlobal
